PODS:
  - FBSnapshotTestCase (2.1.4):
    - FBSnapshotTestCase/SwiftSupport (= 2.1.4)
  - FBSnapshotTestCase/Core (2.1.4)
  - FBSnapshotTestCase/SwiftSupport (2.1.4):
    - FBSnapshotTestCase/Core
  - FloatingViewProtocol (0.1.0)

DEPENDENCIES:
  - FBSnapshotTestCase (~> 2.1.4)
  - FloatingViewProtocol (from `../`)

SPEC REPOS:
  trunk:
    - FBSnapshotTestCase

EXTERNAL SOURCES:
  FloatingViewProtocol:
    :path: "../"

SPEC CHECKSUMS:
  FBSnapshotTestCase: 094f9f314decbabe373b87cc339bea235a63e07a
  FloatingViewProtocol: 94d62c6a7e649d9b637aacf7da2f0ad932d6c9de

PODFILE CHECKSUM: c114901f6b5d1f8bbe523015714a48c50a8b7e86

COCOAPODS: 1.16.2
